{
  "name": "static",
  "version": "1.0.0",
  "lockfileVersion": 1,
  "requires": true,
  "dependencies": {
    "@types/node": {
      "version": "13.7.6",
      "resolved": "https://registry.npmjs.org/@types/node/-/node-13.7.6.tgz",
      "integrity": "sha512-eyK7MWD0R1HqVTp+PtwRgFeIsemzuj4gBFSQxfPHY5iMjS7474e5wq+VFgTcdpyHeNxyKSaetYAjdMLJlKoWqA=="
    },
    "bootstrap": {
      "version": "4.4.1",
      "resolved": "https://registry.npmjs.org/bootstrap/-/bootstrap-4.4.1.tgz",
      "integrity": "sha1-hYKWDuoMXNK+3oTYsLrzeJw+iwE="
    },
    "canvas-renderer": {
      "version": "2.1.1",
      "resolved": "https://registry.npmjs.org/canvas-renderer/-/canvas-renderer-2.1.1.tgz",
      "integrity": "sha512-/V0XetN7s1Mk3NO7x2wxPZYv0pLMQtGAhecuOuKR88beiYCUle1AbCcFZNLu+4NVzi9RVHS0rXtIgzPEaKidLw=="
    },
    "font-awesome": {
      "version": "4.7.0",
      "resolved": "https://registry.npmjs.org/font-awesome/-/font-awesome-4.7.0.tgz",
      "integrity": "sha1-j6jPBBGhoxr9B7BtKQK7n8gVoTM="
    },
    "jdenticon": {
      "version": "2.2.0",
      "resolved": "https://registry.npmjs.org/jdenticon/-/jdenticon-2.2.0.tgz",
      "integrity": "sha512-WGqwpjN9pab/Sah9pGnFH5tQc3HF3WbLV/tPVbykvk5nuAkxG/zhzQYWC2owvpnS+/A0HmlSx35rtY8kyN+x7Q==",
      "requires": {
        "@types/node": "*",
        "canvas-renderer": "~2.1.1"
      }
    },
    "jquery": {
      "version": "3.4.1",
      "resolved": "https://registry.npmjs.org/jquery/-/jquery-3.4.1.tgz",
      "integrity": "sha1-cU8fjZ3eS9+lV2S6N+8hRjDYDvI="
    }
  }
}
